
Microsoft Visual Studio Solution File, Format Version 12.00
# Visual Studio Version 17
VisualStudioVersion = 17.9.34902.65
MinimumVisualStudioVersion = 10.0.40219.1
Project("{FAE04EC0-301F-11D3-BF4B-00C04F79EFBC}") = "StudentInfo-EFCore-DB-First", "StudentInfo-EFCore-DB-First\StudentInfo-EFCore-DB-First.csproj", "{2D54CB17-0581-46DB-AE00-7E806927FCE8}"
EndProject
Global
	GlobalSection(SolutionConfigurationPlatforms) = preSolution
		Debug|Any CPU = Debug|Any CPU
		Release|Any CPU = Release|Any CPU
	EndGlobalSection
	GlobalSection(ProjectConfigurationPlatforms) = postSolution
		{2D54CB17-0581-46DB-AE00-7E806927FCE8}.Debug|Any CPU.ActiveCfg = Debug|Any CPU
		{2D54CB17-0581-46DB-AE00-7E806927FCE8}.Debug|Any CPU.Build.0 = Debug|Any CPU
		{2D54CB17-0581-46DB-AE00-7E806927FCE8}.Release|Any CPU.ActiveCfg = Release|Any CPU
		{2D54CB17-0581-46DB-AE00-7E806927FCE8}.Release|Any CPU.Build.0 = Release|Any CPU
	EndGlobalSection
	GlobalSection(SolutionProperties) = preSolution
		HideSolutionNode = FALSE
	EndGlobalSection
	GlobalSection(ExtensibilityGlobals) = postSolution
		SolutionGuid = {94F0A8B5-7519-4D32-B78F-0066453842B5}
	EndGlobalSection
EndGlobal
